
Microsoft Visual Studio Solution File, Format Version 12.00
# Visual Studio Version 17
VisualStudioVersion = 17.5.33627.172
MinimumVisualStudioVersion = 10.0.40219.1
Project("{9A19103F-16F7-4668-BE54-9A1E7A4F7556}") = "patter-pal", "patter-pal.csproj", "{C5A0E8DD-3EDE-4F0B-81A4-D92308A5BF6A}"
EndProject
Project("{FAE04EC0-301F-11D3-BF4B-00C04F79EFBC}") = "patter-pal.dataservice", "patter-pal.dataservice\patter-pal.dataservice.csproj", "{E22BE31A-A7F7-4269-95C3-5976160CD19D}"
EndProject
Global
	GlobalSection(SolutionConfigurationPlatforms) = preSolution
		Debug|Any CPU = Debug|Any CPU
		Release|Any CPU = Release|Any CPU
	EndGlobalSection
	GlobalSection(ProjectConfigurationPlatforms) = postSolution
		{C5A0E8DD-3EDE-4F0B-81A4-D92308A5BF6A}.Debug|Any CPU.ActiveCfg = Debug|Any CPU
		{C5A0E8DD-3EDE-4F0B-81A4-D92308A5BF6A}.Debug|Any CPU.Build.0 = Debug|Any CPU
		{C5A0E8DD-3EDE-4F0B-81A4-D92308A5BF6A}.Release|Any CPU.ActiveCfg = Release|Any CPU
		{C5A0E8DD-3EDE-4F0B-81A4-D92308A5BF6A}.Release|Any CPU.Build.0 = Release|Any CPU
		{E22BE31A-A7F7-4269-95C3-5976160CD19D}.Debug|Any CPU.ActiveCfg = Debug|Any CPU
		{E22BE31A-A7F7-4269-95C3-5976160CD19D}.Debug|Any CPU.Build.0 = Debug|Any CPU
		{E22BE31A-A7F7-4269-95C3-5976160CD19D}.Release|Any CPU.ActiveCfg = Release|Any CPU
		{E22BE31A-A7F7-4269-95C3-5976160CD19D}.Release|Any CPU.Build.0 = Release|Any CPU
	EndGlobalSection
	GlobalSection(SolutionProperties) = preSolution
		HideSolutionNode = FALSE
	EndGlobalSection
	GlobalSection(ExtensibilityGlobals) = postSolution
		SolutionGuid = {7916B31B-4E38-4590-A544-D5508AE75934}
	EndGlobalSection
EndGlobal
